Microsoft Visual Studio Solution File, Format Version 12.00
# Visual Studio Version 17
VisualStudioVersion = 17.5.2.0
MinimumVisualStudioVersion = 10.0.40219.1
Project("{FAE04EC0-301F-11D3-BF4B-00C04F79EFBC}") = "cerberon-src", "cerberon-src.csproj", "{D4DC0FDE-60A2-7604-8A94-1B444B713C31}"
EndProject
Global
	GlobalSection(SolutionConfigurationPlatforms) = preSolution
		Debug|Any CPU = Debug|Any CPU
		Release|Any CPU = Release|Any CPU
	EndGlobalSection
	GlobalSection(ProjectConfigurationPlatforms) = postSolution
		{D4DC0FDE-60A2-7604-8A94-1B444B713C31}.Debug|Any CPU.ActiveCfg = Debug|Any CPU
		{D4DC0FDE-60A2-7604-8A94-1B444B713C31}.Debug|Any CPU.Build.0 = Debug|Any CPU
		{D4DC0FDE-60A2-7604-8A94-1B444B713C31}.Release|Any CPU.ActiveCfg = Release|Any CPU
		{D4DC0FDE-60A2-7604-8A94-1B444B713C31}.Release|Any CPU.Build.0 = Release|Any CPU
	EndGlobalSection
	GlobalSection(SolutionProperties) = preSolution
		HideSolutionNode = FALSE
	EndGlobalSection
	GlobalSection(ExtensibilityGlobals) = postSolution
		SolutionGuid = {AE2F244D-5E5E-482F-B061-4984D9736089}
	EndGlobalSection
EndGlobal
