<?xml version="1.0" encoding="utf-8"?>
<Project ToolsVersion="4.0" xmlns="http://schemas.microsoft.com/developer/msbuild/2003">
  <ItemGroup>
    <Filter Include="Source Files">
      <UniqueIdentifier>{4FC737F1-C7A5-4376-A066-2A32D752A2FF}</UniqueIdentifier>
      <Extensions>cpp;c;cc;cxx;c++;cppm;ixx;def;odl;idl;hpj;bat;asm;asmx</Extensions>
    </Filter>
    <Filter Include="Header Files">
      <UniqueIdentifier>{93995380-89BD-4b04-88EB-625FBE52EBFB}</UniqueIdentifier>
      <Extensions>h;hh;hpp;hxx;h++;hm;inl;inc;ipp;xsd</Extensions>
    </Filter>
    <Filter Include="Resource Files">
      <UniqueIdentifier>{67DA6AB6-F800-4c08-8B7A-83BB121AAD01}</UniqueIdentifier>
      <Extensions>rc;ico;cur;bmp;dlg;rc2;rct;bin;rgs;gif;jpg;jpeg;jpe;resx;tiff;tif;png;wav;mfcribbon-ms</Extensions>
    </Filter>
    <Filter Include="Source Files\core">
      <UniqueIdentifier>{40ad37a0-3345-4291-8f59-ba555a43f009}</UniqueIdentifier>
    </Filter>
    <Filter Include="Source Files\data">
      <UniqueIdentifier>{e7aa98b9-a88e-46b5-a3c0-894966ba7d34}</UniqueIdentifier>
    </Filter>
    <Filter Include="Source Files\misc">
      <UniqueIdentifier>{5cdc4405-f6d7-4a5c-9567-167e51a3013b}</UniqueIdentifier>
    </Filter>
    <Filter Include="Source Files\gameplay">
      <UniqueIdentifier>{0c833c3f-d655-48c5-b4c0-492c755d198a}</UniqueIdentifier>
    </Filter>
    <Filter Include="Source Files\menu">
      <UniqueIdentifier>{75c5c5e6-e564-4721-ad5c-c9beef1c1dec}</UniqueIdentifier>
    </Filter>
  </ItemGroup>
  <ItemGroup>
    <ClCompile Include="game.c">
      <Filter>Source Files\core</Filter>
    </ClCompile>
    <ClCompile Include="main.c">
      <Filter>Source Files\core</Filter>
    </ClCompile>
    <ClCompile Include="utils.c">
      <Filter>Source Files\misc</Filter>
    </ClCompile>
    <ClCompile Include="asset_manager.c">
      <Filter>Source Files\data</Filter>
    </ClCompile>
    <ClCompile Include="player.c">
      <Filter>Source Files\gameplay</Filter>
    </ClCompile>
    <ClCompile Include="camera.c">
      <Filter>Source Files\gameplay</Filter>
    </ClCompile>
    <ClCompile Include="input_handler.c">
      <Filter>Source Files\gameplay</Filter>
    </ClCompile>
    <ClCompile Include="gamestate_ingame.c">
      <Filter>Source Files\gameplay</Filter>
    </ClCompile>
    <ClCompile Include="gamestate_mainmenu.c">
      <Filter>Source Files\menu</Filter>
    </ClCompile>
  </ItemGroup>
  <ItemGroup>
    <ClInclude Include="game.h">
      <Filter>Source Files\core</Filter>
    </ClInclude>
    <ClInclude Include="utils.h">
      <Filter>Source Files\misc</Filter>
    </ClInclude>
    <ClInclude Include="asset_manager.h">
      <Filter>Source Files\data</Filter>
    </ClInclude>
    <ClInclude Include="player.h">
      <Filter>Source Files\gameplay</Filter>
    </ClInclude>
    <ClInclude Include="camera.h">
      <Filter>Source Files\gameplay</Filter>
    </ClInclude>
    <ClInclude Include="input_handler.h">
      <Filter>Source Files\gameplay</Filter>
    </ClInclude>
    <ClInclude Include="gamestate_ingame.h">
      <Filter>Source Files\gameplay</Filter>
    </ClInclude>
    <ClInclude Include="gamestate_mainmenu.h">
      <Filter>Source Files\menu</Filter>
    </ClInclude>
  </ItemGroup>
</Project>